github.com/fatih/color v1.18.0 h1:S8gINlzdQ840/4pfAwic/ZE0djQEH3wM94VfqLTZcOM=
github.com/fatih/color v1.18.0/go.mod h1:4FelSpRwEGDpQ12mAdzqdOukCy4u8WUtOY6lkT/6HfU=
github.com/fbaube/ctoken v0.0.0-20240918123605-d4f3b42f3fa7 h1:YlVqJpUNNqjJMSG3UbCf9Y5/Odb45TdSwBoFcnkH9eI=
github.com/fbaube/ctoken v0.0.0-20240918123605-d4f3b42f3fa7/go.mod h1:VLP5G7SZOXioxvEwkHQmlKEg1g0VJoAHGMcM1eWG3Xg=
github.com/fbaube/ctoken v0.0.0-20250113212848-89a1656c89a4 h1:fDIdzkpkbjqyu/b/zImN2Te18jmvctgkQpTNMjNebI4=
github.com/fbaube/ctoken v0.0.0-20250113212848-89a1656c89a4/go.mod h1:dnbwYk3JB7JgHJhH3hRioJpxLUuzpyI6CancZBuZ6ow=
github.com/fbaube/ctoken v0.0.0-20250202175820-4a3ade2fbe7c h1:CW59NxVcufEIOMVTJK+K6TP09JoF2bBSRWKQkbMFVx0=
github.com/fbaube/ctoken v0.0.0-20250202175820-4a3ade2fbe7c/go.mod h1:+lvrpVCRvrEUgNq+6Dw+Ni2slNMjfxLnmyofOwxO37k=
github.com/fbaube/dsmnd v0.0.0-20241113194348-8bcb3be2decd h1:UQ+HjDNZF2TZF4u2rh6uTr0sp0L6v9tw2uipcluNNe0=
github.com/fbaube/dsmnd v0.0.0-20241113194348-8bcb3be2decd/go.mod h1:YVvG9X9nrUoOtk9DEkyyk6/0vdfNcDYHNWgBwGHbcUE=
github.com/fbaube/dsmnd v0.0.0-20250111125333-2b80f885bfc2 h1:MP/O0PUVCGgNmKvKmM6dLi/r0PbUl/1bVCr8zuJLzkw=
github.com/fbaube/dsmnd v0.0.0-20250111125333-2b80f885bfc2/go.mod h1:YVvG9X9nrUoOtk9DEkyyk6/0vdfNcDYHNWgBwGHbcUE=
github.com/fbaube/dsmnd v0.0.0-20250203130738-5e11c27a4664 h1:44T9O6kHv4LUA09z+T6sMIZUQtE9axq9+RHTOjRsF9M=
github.com/fbaube/dsmnd v0.0.0-20250203130738-5e11c27a4664/go.mod h1:YVvG9X9nrUoOtk9DEkyyk6/0vdfNcDYHNWgBwGHbcUE=
github.com/fbaube/fileutils v0.0.0-20241214171642-8f768cf51d18 h1:kKZQONKY2A1meWxNc6NVfvY/2imXPIWfRvrKPHrQ4X0=
github.com/fbaube/fileutils v0.0.0-20241214171642-8f768cf51d18/go.mod h1:SO4JqEOPvdUPTkkN+MbkFUL32CpYeua4ercabK6N+o4=
github.com/fbaube/fileutils v0.0.0-20250108104151-64966db5071b h1:TXeZvnUvkZOj8IK7K/EON7AKFxOHpy3Y7A7vz4Cwfuk=
github.com/fbaube/fileutils v0.0.0-20250108104151-64966db5071b/go.mod h1:yuDQP9MoveyVJFfT5dYLXDPEC5vwS6/+pjNa9iKjR6Y=
github.com/fbaube/fileutils v0.0.0-20250131051553-89d93af3c09f h1:cNsVeRgNSeZshzxmngNhqplOab/g8N6O1BWQ64r7Lbs=
github.com/fbaube/fileutils v0.0.0-20250131051553-89d93af3c09f/go.mod h1:g2VBF/6oC905nitBlbTvYvuPit5gmLxsaUX3U6wwyDI=
github.com/fbaube/fileutils v0.0.0-20250203130830-629d4e4bc31b h1:NSTA2UyGhWF58qa619OscBuYZKckRcYYntOVMrnDm4M=
github.com/fbaube/fileutils v0.0.0-20250203130830-629d4e4bc31b/go.mod h1:LgFk9hrlp5oNfhdUi6BA8sQo41AVA+G5y608Jai0Alw=
github.com/fbaube/humanbytes v0.0.0-20240227103335-a0b11501ad0e h1:2lRZ3QxDYaZ9F7RXLSL3zugdmeQTGOrRddBk+RVTRY0=
github.com/fbaube/humanbytes v0.0.0-20240227103335-a0b11501ad0e/go.mod h1:WUS3tn4t+FViNsl4VOqYiV51cJNIIeMjLI9fOfm+Ug8=
github.com/fbaube/humanbytes v0.0.0-20250119091546-d58fbfdd444c h1:k6VDhhlL+FI8nrBAwQDoXyPEKN+MuOtSMaDJfzwnA7E=
github.com/fbaube/humanbytes v0.0.0-20250119091546-d58fbfdd444c/go.mod h1:WUS3tn4t+FViNsl4VOqYiV51cJNIIeMjLI9fOfm+Ug8=
github.com/fbaube/logutils v0.0.0-20240425064504-eb572963f0fc h1:y21oEpytLrjte0p6CuKWTYQWc9xux0ys6a/vABtEqGs=
github.com/fbaube/logutils v0.0.0-20240425064504-eb572963f0fc/go.mod h1:Ulyk3vIjQ5L/NqJ9wmTMawBjqzAOvCs1jxF5iV3tS1w=
github.com/fbaube/miscutils v0.0.0-20240914143110-b98201fa8b4e h1:nly5+uEAdUq4UIvrx081LI8GBhtgDUDKZi57/hZD8TA=
github.com/fbaube/miscutils v0.0.0-20240914143110-b98201fa8b4e/go.mod h1:smjQdWsE6GthPacgvVUhKLNMUcN6Sf+gIvaUweTius4=
github.com/fbaube/miscutils v0.0.0-20250121061531-3eeb9462af67 h1:lTnt8jw9jN9iA6fp0ws5clVW/4qfNykSNmS94eFJD5Q=
github.com/fbaube/miscutils v0.0.0-20250121061531-3eeb9462af67/go.mod h1:smjQdWsE6GthPacgvVUhKLNMUcN6Sf+gIvaUweTius4=
github.com/fbaube/miscutils v0.0.0-20250126181629-6a2fa9af43b7 h1:7EDgdU9hotwYEf5Bx7w4I6SNm/rwOx88siLiD0o+xl8=
github.com/fbaube/miscutils v0.0.0-20250126181629-6a2fa9af43b7/go.mod h1:v32q0zwZh3Ft6WFuIdeLPwPgOAIy5h0AAPoJRi9DF6k=
github.com/fbaube/mlog v0.0.0-20240425064535-3b89e3b28a76 h1:C1SjY+GWMR1smUZqspWm52AYfDq30fIjRzmy+ar+a8M=
github.com/fbaube/mlog v0.0.0-20240425064535-3b89e3b28a76/go.mod h1:kmnrjIOIydIQG0XoPcMoQ9XYJmVTt9fOByMvkDiDBTo=
github.com/fbaube/stringutils v0.0.0-20240923132734-4299299a2f4d h1:0vtZZWaX3Vs9/4N1KUUkyVDMSFJU4T5YVwCezttglXw=
github.com/fbaube/stringutils v0.0.0-20240923132734-4299299a2f4d/go.mod h1:45y1buj6hAF27oeACgRMSBJfV0uU6mmppnEaRftSy+g=
github.com/fbaube/stringutils v0.0.0-20250118202833-adea6809d311 h1:3Ksy124HceY5QaxMjMOBhyJtycVsf9PHQgPe4XfVvU8=
github.com/fbaube/stringutils v0.0.0-20250118202833-adea6809d311/go.mod h1:3GJ4DA5iiXoED3svO/Ig5xyq8237abRYOKItvxhL+E4=
github.com/fbaube/stringutils v0.0.0-20250120124849-e15d0abeb13c h1:JNGjWNjfOK+chYK4F+vCXbOeMLlMrgNBQYcYTGeFhLU=
github.com/fbaube/stringutils v0.0.0-20250120124849-e15d0abeb13c/go.mod h1:3GJ4DA5iiXoED3svO/Ig5xyq8237abRYOKItvxhL+E4=
github.com/fbaube/stringutils v0.0.0-20250203130909-339670f598f3 h1:VeDGCblQIgVobkxZhqbia0c/69cVAPDAOvPHd0KwFNQ=
github.com/fbaube/stringutils v0.0.0-20250203130909-339670f598f3/go.mod h1:MZuZ4zwqF11rWH4irSvbyLLcc2+Y0H+HtZ+v8fT1/ks=
github.com/fbaube/wasmutils v0.0.0-20231209183154-e25018375bc2 h1:c2o0/6fIdaGD9G84GUFg41qHYPWqfKO0HD8G9KLJQH4=
github.com/fbaube/wasmutils v0.0.0-20231209183154-e25018375bc2/go.mod h1:Yv24ab7DbaTunolfMWqQVI0g8yCNFu8y5IHxLbwZ0ZE=
github.com/mattn/go-colorable v0.1.13 h1:fFA4WZxdEF4tXPZVKMLwD8oUnCTTo08duU7wxecdEvA=
github.com/mattn/go-colorable v0.1.13/go.mod h1:7S9/ev0klgBDR4GtXTXX8a3vIGJpMovkB8vQcUbaXHg=
github.com/mattn/go-colorable v0.1.14 h1:9A9LHSqF/7dyVVX6g0U9cwm9pG3kP9gSzcuIPHPsaIE=
github.com/mattn/go-colorable v0.1.14/go.mod h1:6LmQG8QLFO4G5z1gPvYEzlUgJ2wF+stgPZH1UqBm1s8=
github.com/mattn/go-isatty v0.0.16/go.mod h1:kYGgaQfpe5nmfYZH+SKPsOc2e4SrIfOl2e/yFXSvRLM=
github.com/mattn/go-isatty v0.0.20 h1:xfD0iDuEKnDkl03q4limB+vH+GxLEtL/jb4xVJSWWEY=
github.com/mattn/go-isatty v0.0.20/go.mod h1:W+V8PltTTMOvKvAeJH7IuucS94S2C6jfK/D7dTCTo3Y=
github.com/mgutz/str v1.2.0 h1:4IzWSdIz9qPQWLfKZ0rJcV0jcUDpxvP4JVZ4GXQyvSw=
github.com/mgutz/str v1.2.0/go.mod h1:w1v0ofgLaJdoD0HpQ3fycxKD1WtxpjSo151pK/31q6w=
github.com/nbio/xml v0.0.0-20250127210239-7f9281fed8c6 h1:gq7NUVMTeMfJLscyjyu0SUb6nDnXiGAyrAri0TMUE0E=
github.com/nbio/xml v0.0.0-20250127210239-7f9281fed8c6/go.mod h1:990JnYmJZFrx1vI1TALoD6/fCqnWlTx2FrPbYy2wi5I=
golang.org/x/exp v0.0.0-20250106191152-7588d65b2ba8 h1:yqrTHse8TCMW1M1ZCP+VAR/l0kKxwaAIqN/il7x4voA=
golang.org/x/exp v0.0.0-20250106191152-7588d65b2ba8/go.mod h1:tujkw807nyEEAamNbDrEGzRav+ilXA7PCRAd6xsmwiU=
golang.org/x/exp v0.0.0-20250128182459-e0ece0dbea4c h1:KL/ZBHXgKGVmuZBZ01Lt57yE5ws8ZPSkkihmEyq7FXc=
golang.org/x/exp v0.0.0-20250128182459-e0ece0dbea4c/go.mod h1:tujkw807nyEEAamNbDrEGzRav+ilXA7PCRAd6xsmwiU=
golang.org/x/sys v0.0.0-20220811171246-fbc7d0a398ab/go.mod h1:oPkhp1MJrh7nUepCBck5+mAzfO9JrbApNNgaTdGDITg=
golang.org/x/sys v0.6.0/go.mod h1:oPkhp1MJrh7nUepCBck5+mAzfO9JrbApNNgaTdGDITg=
golang.org/x/sys v0.28.0 h1:Fksou7UEQUWlKvIdsqzJmUmCX3cZuD2+P3XyyzwMhlA=
golang.org/x/sys v0.28.0/go.mod h1:/VUhepiaJMQUp4+oa/7Zr1D23ma6VTLIYjOOTFZPUcA=
golang.org/x/sys v0.29.0 h1:TPYlXGxvx1MGTn2GiZDhnjPA9wZzZeGKHHmKhHYvgaU=
golang.org/x/sys v0.29.0/go.mod h1:/VUhepiaJMQUp4+oa/7Zr1D23ma6VTLIYjOOTFZPUcA=
gopkg.in/check.v1 v0.0.0-20161208181325-20d25e280405 h1:yhCVgyC4o1eVCa2tZl7eS0r+SDo693bJlVdllGtEeKM=
gopkg.in/check.v1 v0.0.0-20161208181325-20d25e280405/go.mod h1:Co6ibVJAznAaIkqp8huTwlJQCZ016jof/cbN4VW5Yz0=
gopkg.in/yaml.v2 v2.4.0 h1:D8xgwECY7CYvx+Y2n4sBz93Jn9JRvxdiyyo8CTfuKaY=
gopkg.in/yaml.v2 v2.4.0/go.mod h1:RDklbk79AGWmwhnvt/jBztapEOGDOx6ZbXqjP6csGnQ=
