github.com/fatih/color v1.15.0 h1:kOqh6YHBtK8aywxGerMG2Eq3H6Qgoqeo13Bk2Mv/nBs=
github.com/fatih/color v1.15.0/go.mod h1:0h5ZqXfHYED7Bhv2ZJamyIOUej9KtShiJESRwBDUSsw=
github.com/fbaube/ctoken v0.0.0-20230518060940-6f364ff08c9d h1:Ho83tg72qWOPWG2jz33q3GP73sTxZ8BpsZcvCDOVhyY=
github.com/fbaube/ctoken v0.0.0-20230518060940-6f364ff08c9d/go.mod h1:COLDuMsFubQGBOLbZH28QH3ToFG8163qvGSqxyWrrJ0=
github.com/fbaube/fileutils v0.0.0-20230623071738-0db5b6a18847 h1:b2mQ5dWXJC6NABeKwxnBp8z0wh79JkbM/ZCE+d5+U3o=
github.com/fbaube/fileutils v0.0.0-20230623071738-0db5b6a18847/go.mod h1:Q3NOQ00NULN3Un/dxrzYDaFacMnjW9vG1Ffe3cHRdro=
github.com/fbaube/logutils v0.0.0-20230623084753-053ea535035d h1:Kp4zKL0YhkxgL3SQodPDKtRzdQnB0yLl337gKCncp9I=
github.com/fbaube/logutils v0.0.0-20230623084753-053ea535035d/go.mod h1:VifbtSBHXXNZhfgnsxhS7D++YcGbPt7esvjC7FCbFW4=
github.com/fbaube/miscutils v0.0.0-20230702174835-89345331d87b h1:3pfSde80qGYF32Gsc35qL3UmVV5eiamCJJoYge3mbLo=
github.com/fbaube/miscutils v0.0.0-20230702174835-89345331d87b/go.mod h1:VfE3qdoAUBiKERhDVEIActaTAo9q9zfrQlPl9xQ9l3s=
github.com/fbaube/mlog v0.0.0-20230205182808-c77321da3ff3 h1:7jj0bGJw09SQ9mOIeuDJJ4XYgmgSK2T9PO6PH1c5bdo=
github.com/fbaube/mlog v0.0.0-20230205182808-c77321da3ff3/go.mod h1:7zMkNQqfN6ZueDR3jAJcDBKJ8fmCGnP/LyfBnQMT4io=
github.com/fbaube/stringutils v0.0.0-20230622210105-a1af04c1f93d h1:H8t4vPZzeXk7rQnlmdO9ZDaduKBxb77jmsF/sZfOtS0=
github.com/fbaube/stringutils v0.0.0-20230622210105-a1af04c1f93d/go.mod h1:pyXNXdLCEtNZyV2GFdbOGiO6nDrH6SVmxp7EG9oISIE=
github.com/fbaube/wasmutils v0.0.0-20230623084957-b4f528abb99e h1:jmk1UI9I90F1PHbt1axt6fiZZg/hMqOxefr6m6uyaVY=
github.com/fbaube/wasmutils v0.0.0-20230623084957-b4f528abb99e/go.mod h1:Kp24751YH8DnaZ1R2jECZ6tbSHJRPH6FTmxVzG0MtWE=
github.com/fbaube/xmlutils v0.0.0-20230518061403-2465e549e10a h1:WKOpf0tZO+vkMgH1mMD0RpQmGGxNPtfpFLuhzf42Nfc=
github.com/fbaube/xmlutils v0.0.0-20230518061403-2465e549e10a/go.mod h1:b9yEIFiCE4cPVYOTU6LXWgv5QtudKv5w18Zrjqou0pM=
github.com/gabriel-vasile/mimetype v1.4.2 h1:w5qFW6JKBz9Y393Y4q372O9A7cUSequkh1Q7OhCmWKU=
github.com/gabriel-vasile/mimetype v1.4.2/go.mod h1:zApsH/mKG4w07erKIaJPFiX0Tsq9BFQgN3qGY5GnNgA=
github.com/mattn/go-colorable v0.1.13 h1:fFA4WZxdEF4tXPZVKMLwD8oUnCTTo08duU7wxecdEvA=
github.com/mattn/go-colorable v0.1.13/go.mod h1:7S9/ev0klgBDR4GtXTXX8a3vIGJpMovkB8vQcUbaXHg=
github.com/mattn/go-isatty v0.0.16/go.mod h1:kYGgaQfpe5nmfYZH+SKPsOc2e4SrIfOl2e/yFXSvRLM=
github.com/mattn/go-isatty v0.0.19 h1:JITubQf0MOLdlGRuRq+jtsDlekdYPia9ZFsB8h/APPA=
github.com/mattn/go-isatty v0.0.19/go.mod h1:W+V8PltTTMOvKvAeJH7IuucS94S2C6jfK/D7dTCTo3Y=
github.com/mgutz/str v1.2.0 h1:4IzWSdIz9qPQWLfKZ0rJcV0jcUDpxvP4JVZ4GXQyvSw=
github.com/mgutz/str v1.2.0/go.mod h1:w1v0ofgLaJdoD0HpQ3fycxKD1WtxpjSo151pK/31q6w=
golang.org/x/exp v0.0.0-20230817173708-d852ddb80c63 h1:m64FZMko/V45gv0bNmrNYoDEq8U5YUhetc9cBWKS1TQ=
golang.org/x/exp v0.0.0-20230817173708-d852ddb80c63/go.mod h1:0v4NqG35kSWCMzLaMeX+IQrlSnVE/bqGSyC2cz/9Le8=
golang.org/x/net v0.17.0 h1:pVaXccu2ozPjCXewfr1S7xza/zcXTity9cCdXQYSjIM=
golang.org/x/net v0.17.0/go.mod h1:NxSsAGuq816PNPmqtQdLE42eU2Fs7NoRIZrHJAlaCOE=
golang.org/x/sys v0.0.0-20220811171246-fbc7d0a398ab/go.mod h1:oPkhp1MJrh7nUepCBck5+mAzfO9JrbApNNgaTdGDITg=
golang.org/x/sys v0.6.0/go.mod h1:oPkhp1MJrh7nUepCBck5+mAzfO9JrbApNNgaTdGDITg=
golang.org/x/sys v0.13.0 h1:Af8nKPmuFypiUBjVoU9V20FiaFXOcuZI21p0ycVYYGE=
golang.org/x/sys v0.13.0/go.mod h1:oPkhp1MJrh7nUepCBck5+mAzfO9JrbApNNgaTdGDITg=
golang.org/x/tools v0.12.1-0.20230815132531-74c255bcf846 h1:Vve/L0v7CXXuxUmaMGIEK/dEeq7uiqb5qBgQrZzIE7E=
golang.org/x/tools v0.12.1-0.20230815132531-74c255bcf846/go.mod h1:Sc0INKfu04TlqNoRA1hgpFZbhYXHPr4V5DzpSBTPqQM=
gopkg.in/check.v1 v0.0.0-20161208181325-20d25e280405 h1:yhCVgyC4o1eVCa2tZl7eS0r+SDo693bJlVdllGtEeKM=
gopkg.in/check.v1 v0.0.0-20161208181325-20d25e280405/go.mod h1:Co6ibVJAznAaIkqp8huTwlJQCZ016jof/cbN4VW5Yz0=
gopkg.in/yaml.v2 v2.4.0 h1:D8xgwECY7CYvx+Y2n4sBz93Jn9JRvxdiyyo8CTfuKaY=
gopkg.in/yaml.v2 v2.4.0/go.mod h1:RDklbk79AGWmwhnvt/jBztapEOGDOx6ZbXqjP6csGnQ=
